
Microsoft Visual Studio Solution File, Format Version 12.00
# Visual Studio Version 16
VisualStudioVersion = 16.0.31019.35
MinimumVisualStudioVersion = 10.0.40219.1
Project("{FAE04EC0-301F-11D3-BF4B-00C04F79EFBC}") = "MiniTotalCommander", "MiniTotalCommander\MiniTotalCommander.csproj", "{4E83BE21-A7EF-432D-ADB7-99152C7C4215}"
EndProject
Global
	GlobalSection(SolutionConfigurationPlatforms) = preSolution
		Debug|Any CPU = Debug|Any CPU
		Release|Any CPU = Release|Any CPU
	EndGlobalSection
	GlobalSection(ProjectConfigurationPlatforms) = postSolution
		{4E83BE21-A7EF-432D-ADB7-99152C7C4215}.Debug|Any CPU.ActiveCfg = Debug|Any CPU
		{4E83BE21-A7EF-432D-ADB7-99152C7C4215}.Debug|Any CPU.Build.0 = Debug|Any CPU
		{4E83BE21-A7EF-432D-ADB7-99152C7C4215}.Release|Any CPU.ActiveCfg = Release|Any CPU
		{4E83BE21-A7EF-432D-ADB7-99152C7C4215}.Release|Any CPU.Build.0 = Release|Any CPU
	EndGlobalSection
	GlobalSection(SolutionProperties) = preSolution
		HideSolutionNode = FALSE
	EndGlobalSection
	GlobalSection(ExtensibilityGlobals) = postSolution
		SolutionGuid = {6AF7BF26-E4E1-4076-B5A8-6CD475B3CEF3}
	EndGlobalSection
EndGlobal
